
Microsoft Visual Studio Solution File, Format Version 12.00
# Visual Studio Version 16
VisualStudioVersion = 16.0.33801.447
MinimumVisualStudioVersion = 10.0.40219.1
Project("{FAE04EC0-301F-11D3-BF4B-00C04F79EFBC}") = "OOP2", "OOP2\OOP2.csproj", "{2D4F5C0C-C97F-49D5-A189-02E9ECD78887}"
EndProject
Project("{FAE04EC0-301F-11D3-BF4B-00C04F79EFBC}") = "OOP3", "OOP3\OOP3.csproj", "{BAD2A60E-D187-4C32-A1B3-6E3430595957}"
EndProject
Global
	GlobalSection(SolutionConfigurationPlatforms) = preSolution
		Debug|Any CPU = Debug|Any CPU
		Release|Any CPU = Release|Any CPU
	EndGlobalSection
	GlobalSection(ProjectConfigurationPlatforms) = postSolution
		{2D4F5C0C-C97F-49D5-A189-02E9ECD78887}.Debug|Any CPU.ActiveCfg = Debug|Any CPU
		{2D4F5C0C-C97F-49D5-A189-02E9ECD78887}.Debug|Any CPU.Build.0 = Debug|Any CPU
		{2D4F5C0C-C97F-49D5-A189-02E9ECD78887}.Release|Any CPU.ActiveCfg = Release|Any CPU
		{2D4F5C0C-C97F-49D5-A189-02E9ECD78887}.Release|Any CPU.Build.0 = Release|Any CPU
		{BAD2A60E-D187-4C32-A1B3-6E3430595957}.Debug|Any CPU.ActiveCfg = Debug|Any CPU
		{BAD2A60E-D187-4C32-A1B3-6E3430595957}.Debug|Any CPU.Build.0 = Debug|Any CPU
		{BAD2A60E-D187-4C32-A1B3-6E3430595957}.Release|Any CPU.ActiveCfg = Release|Any CPU
		{BAD2A60E-D187-4C32-A1B3-6E3430595957}.Release|Any CPU.Build.0 = Release|Any CPU
	EndGlobalSection
	GlobalSection(SolutionProperties) = preSolution
		HideSolutionNode = FALSE
	EndGlobalSection
	GlobalSection(ExtensibilityGlobals) = postSolution
		SolutionGuid = {5E558A89-D414-422A-A938-74D2B662FA7B}
	EndGlobalSection
EndGlobal
